// !$*UTF8*$!
{
	archiveVersion = 1;
	classes = {
	};
	objectVersion = 50;
	objects = {

/* Begin PBXBuildFile section */
		93CE48D323F8735500C3E1F2 /* AppDelegate.swift in Sources */ = {isa = PBXBuildFile; fileRef = 93CE48D223F8735500C3E1F2 /* AppDelegate.swift */; };
		93CE48D523F8735500C3E1F2 /* SceneDelegate.swift in Sources */ = {isa = PBXBuildFile; fileRef = 93CE48D423F8735500C3E1F2 /* SceneDelegate.swift */; };
		93CE48D723F8735500C3E1F2 /* ContentView.swift in Sources */ = {isa = PBXBuildFile; fileRef = 93CE48D623F8735500C3E1F2 /* ContentView.swift */; };
		93CE48D923F8735600C3E1F2 /* Assets.xcassets in Resources */ = {isa = PBXBuildFile; fileRef = 93CE48D823F8735600C3E1F2 /* Assets.xcassets */; };
		93CE48DC23F8735600C3E1F2 /* Preview Assets.xcassets in Resources */ = {isa = PBXBuildFile; fileRef = 93CE48DB23F8735600C3E1F2 /* Preview Assets.xcassets */; };
		93CE48DF23F8735600C3E1F2 /* LaunchScreen.storyboard in Resources */ = {isa = PBXBuildFile; fileRef = 93CE48DD23F8735600C3E1F2 /* LaunchScreen.storyboard */; };
		D74157CD23F891F100F0BE20 /* Dimensions.swift in Sources */ = {isa = PBXBuildFile; fileRef = D74157CC23F891F100F0BE20 /* Dimensions.swift */; };
		D74157CF23F8924600F0BE20 /* TimeIntervalExtensions.swift in Sources */ = {isa = PBXBuildFile; fileRef = D74157CE23F8924600F0BE20 /* TimeIntervalExtensions.swift */; };
		D74157D123F8926800F0BE20 /* Crop.swift in Sources */ = {isa = PBXBuildFile; fileRef = D74157D023F8926800F0BE20 /* Crop.swift */; };
		D74157D323F8928A00F0BE20 /* ButterheadLettuce.swift in Sources */ = {isa = PBXBuildFile; fileRef = D74157D223F8928A00F0BE20 /* ButterheadLettuce.swift */; };
		D74157D523F8929800F0BE20 /* Farm.swift in Sources */ = {isa = PBXBuildFile; fileRef = D74157D423F8929800F0BE20 /* Farm.swift */; };
		D74157D923F8930300F0BE20 /* NFTSystem.swift in Sources */ = {isa = PBXBuildFile; fileRef = D74157D823F8930300F0BE20 /* NFTSystem.swift */; };
		D74157E123F89E1500F0BE20 /* ProjectXTests.swift in Sources */ = {isa = PBXBuildFile; fileRef = D74157E023F89E1500F0BE20 /* ProjectXTests.swift */; };
		D74157E823F89E5200F0BE20 /* ButterheadLettuce.swift in Sources */ = {isa = PBXBuildFile; fileRef = D74157D223F8928A00F0BE20 /* ButterheadLettuce.swift */; };
		D74157E923F89E5200F0BE20 /* NFTSystem.swift in Sources */ = {isa = PBXBuildFile; fileRef = D74157D823F8930300F0BE20 /* NFTSystem.swift */; };
		D74157EA23F89E5200F0BE20 /* Dimensions.swift in Sources */ = {isa = PBXBuildFile; fileRef = D74157CC23F891F100F0BE20 /* Dimensions.swift */; };
		D74157EB23F89E5200F0BE20 /* TimeIntervalExtensions.swift in Sources */ = {isa = PBXBuildFile; fileRef = D74157CE23F8924600F0BE20 /* TimeIntervalExtensions.swift */; };
		D74157EC23F89E5200F0BE20 /* Crop.swift in Sources */ = {isa = PBXBuildFile; fileRef = D74157D023F8926800F0BE20 /* Crop.swift */; };
		D74157ED23F89E5200F0BE20 /* Farm.swift in Sources */ = {isa = PBXBuildFile; fileRef = D74157D423F8929800F0BE20 /* Farm.swift */; };
		D74157EF23F8A31C00F0BE20 /* FarmPicker.swift in Sources */ = {isa = PBXBuildFile; fileRef = D74157EE23F8A31C00F0BE20 /* FarmPicker.swift */; };
		D74157F023F8A31C00F0BE20 /* FarmPicker.swift in Sources */ = {isa = PBXBuildFile; fileRef = D74157EE23F8A31C00F0BE20 /* FarmPicker.swift */; };
		D74157F223F8A5A800F0BE20 /* Kartky.swift in Sources */ = {isa = PBXBuildFile; fileRef = D74157F123F8A5A800F0BE20 /* Kartky.swift */; };
		D74157F323F8A5A800F0BE20 /* Kartky.swift in Sources */ = {isa = PBXBuildFile; fileRef = D74157F123F8A5A800F0BE20 /* Kartky.swift */; };
/* End PBXBuildFile section */

/* Begin PBXContainerItemProxy section */
		D74157E323F89E1500F0BE20 /* PBXContainerItemProxy */ = {
			isa = PBXContainerItemProxy;
			containerPortal = 93CE48C723F8735500C3E1F2 /* Project object */;
			proxyType = 1;
			remoteGlobalIDString = 93CE48CE23F8735500C3E1F2;
			remoteInfo = ProjectX;
		};
/* End PBXContainerItemProxy section */

/* Begin PBXFileReference section */
		93CE48CF23F8735500C3E1F2 /* ProjectX.app */ = {isa = PBXFileReference; explicitFileType = wrapper.application; includeInIndex = 0; path = ProjectX.app; sourceTree = BUILT_PRODUCTS_DIR; };
		93CE48D223F8735500C3E1F2 /* AppDelegate.swift */ = {isa = PBXFileReference; lastKnownFileType = sourcecode.swift; path = AppDelegate.swift; sourceTree = "<group>"; };
		93CE48D423F8735500C3E1F2 /* SceneDelegate.swift */ = {isa = PBXFileReference; lastKnownFileType = sourcecode.swift; path = SceneDelegate.swift; sourceTree = "<group>"; };
		93CE48D623F8735500C3E1F2 /* ContentView.swift */ = {isa = PBXFileReference; lastKnownFileType = sourcecode.swift; path = ContentView.swift; sourceTree = "<group>"; };
		93CE48D823F8735600C3E1F2 /* Assets.xcassets */ = {isa = PBXFileReference; lastKnownFileType = folder.assetcatalog; path = Assets.xcassets; sourceTree = "<group>"; };
		93CE48DB23F8735600C3E1F2 /* Preview Assets.xcassets */ = {isa = PBXFileReference; lastKnownFileType = folder.assetcatalog; path = "Preview Assets.xcassets"; sourceTree = "<group>"; };
		93CE48DE23F8735600C3E1F2 /* Base */ = {isa = PBXFileReference; lastKnownFileType = file.storyboard; name = Base; path = Base.lproj/LaunchScreen.storyboard; sourceTree = "<group>"; };
		93CE48E023F8735600C3E1F2 /* Info.plist */ = {isa = PBXFileReference; lastKnownFileType = text.plist.xml; path = Info.plist; sourceTree = "<group>"; };
		93CE48E623F8752500C3E1F2 /* DataStructures.playground */ = {isa = PBXFileReference; lastKnownFileType = file.playground; path = DataStructures.playground; sourceTree = "<group>"; xcLanguageSpecificationIdentifier = xcode.lang.swift; };
		D74157CC23F891F100F0BE20 /* Dimensions.swift */ = {isa = PBXFileReference; lastKnownFileType = sourcecode.swift; path = Dimensions.swift; sourceTree = "<group>"; };
		D74157CE23F8924600F0BE20 /* TimeIntervalExtensions.swift */ = {isa = PBXFileReference; lastKnownFileType = sourcecode.swift; path = TimeIntervalExtensions.swift; sourceTree = "<group>"; };
		D74157D023F8926800F0BE20 /* Crop.swift */ = {isa = PBXFileReference; lastKnownFileType = sourcecode.swift; path = Crop.swift; sourceTree = "<group>"; };
		D74157D223F8928A00F0BE20 /* ButterheadLettuce.swift */ = {isa = PBXFileReference; lastKnownFileType = sourcecode.swift; path = ButterheadLettuce.swift; sourceTree = "<group>"; };
		D74157D423F8929800F0BE20 /* Farm.swift */ = {isa = PBXFileReference; lastKnownFileType = sourcecode.swift; path = Farm.swift; sourceTree = "<group>"; };
		D74157D823F8930300F0BE20 /* NFTSystem.swift */ = {isa = PBXFileReference; lastKnownFileType = sourcecode.swift; path = NFTSystem.swift; sourceTree = "<group>"; };
		D74157DE23F89E1500F0BE20 /* ProjectXTests.xctest */ = {isa = PBXFileReference; explicitFileType = wrapper.cfbundle; includeInIndex = 0; path = ProjectXTests.xctest; sourceTree = BUILT_PRODUCTS_DIR; };
		D74157E023F89E1500F0BE20 /* ProjectXTests.swift */ = {isa = PBXFileReference; lastKnownFileType = sourcecode.swift; path = ProjectXTests.swift; sourceTree = "<group>"; };
		D74157E223F89E1500F0BE20 /* Info.plist */ = {isa = PBXFileReference; lastKnownFileType = text.plist.xml; path = Info.plist; sourceTree = "<group>"; };
		D74157EE23F8A31C00F0BE20 /* FarmPicker.swift */ = {isa = PBXFileReference; lastKnownFileType = sourcecode.swift; path = FarmPicker.swift; sourceTree = "<group>"; };
		D74157F123F8A5A800F0BE20 /* Kartky.swift */ = {isa = PBXFileReference; lastKnownFileType = sourcecode.swift; path = Kartky.swift; sourceTree = "<group>"; };
/* End PBXFileReference section */

/* Begin PBXFrameworksBuildPhase section */
		93CE48CC23F8735500C3E1F2 /* Frameworks */ = {
			isa = PBXFrameworksBuildPhase;
			buildActionMask = 2147483647;
			files = (
			);
			runOnlyForDeploymentPostprocessing = 0;
		};
		D74157DB23F89E1500F0BE20 /* Frameworks */ = {
			isa = PBXFrameworksBuildPhase;
			buildActionMask = 2147483647;
			files = (
			);
			runOnlyForDeploymentPostprocessing = 0;
		};
/* End PBXFrameworksBuildPhase section */

/* Begin PBXGroup section */
		93CE48C623F8735500C3E1F2 = {
			isa = PBXGroup;
			children = (
				93CE48E623F8752500C3E1F2 /* DataStructures.playground */,
				93CE48D123F8735500C3E1F2 /* ProjectX */,
				D74157DF23F89E1500F0BE20 /* ProjectXTests */,
				93CE48D023F8735500C3E1F2 /* Products */,
			);
			sourceTree = "<group>";
		};
		93CE48D023F8735500C3E1F2 /* Products */ = {
			isa = PBXGroup;
			children = (
				93CE48CF23F8735500C3E1F2 /* ProjectX.app */,
				D74157DE23F89E1500F0BE20 /* ProjectXTests.xctest */,
			);
			name = Products;
			sourceTree = "<group>";
		};
		93CE48D123F8735500C3E1F2 /* ProjectX */ = {
			isa = PBXGroup;
			children = (
				D74157CB23F891BC00F0BE20 /* Models */,
				93CE48D223F8735500C3E1F2 /* AppDelegate.swift */,
				93CE48D423F8735500C3E1F2 /* SceneDelegate.swift */,
				93CE48D623F8735500C3E1F2 /* ContentView.swift */,
				93CE48D823F8735600C3E1F2 /* Assets.xcassets */,
				93CE48DD23F8735600C3E1F2 /* LaunchScreen.storyboard */,
				93CE48E023F8735600C3E1F2 /* Info.plist */,
				93CE48DA23F8735600C3E1F2 /* Preview Content */,
				D74157EE23F8A31C00F0BE20 /* FarmPicker.swift */,
			);
			path = ProjectX;
			sourceTree = "<group>";
		};
		93CE48DA23F8735600C3E1F2 /* Preview Content */ = {
			isa = PBXGroup;
			children = (
				93CE48DB23F8735600C3E1F2 /* Preview Assets.xcassets */,
			);
			path = "Preview Content";
			sourceTree = "<group>";
		};
		D74157CB23F891BC00F0BE20 /* Models */ = {
			isa = PBXGroup;
			children = (
				D74157D723F892C900F0BE20 /* Crops */,
				D74157D623F892C500F0BE20 /* Farms */,
				D74157CC23F891F100F0BE20 /* Dimensions.swift */,
				D74157CE23F8924600F0BE20 /* TimeIntervalExtensions.swift */,
				D74157D023F8926800F0BE20 /* Crop.swift */,
				D74157D423F8929800F0BE20 /* Farm.swift */,
			);
			path = Models;
			sourceTree = "<group>";
		};
		D74157D623F892C500F0BE20 /* Farms */ = {
			isa = PBXGroup;
			children = (
				D74157D823F8930300F0BE20 /* NFTSystem.swift */,
				D74157F123F8A5A800F0BE20 /* Kartky.swift */,
			);
			path = Farms;
			sourceTree = "<group>";
		};
		D74157D723F892C900F0BE20 /* Crops */ = {
			isa = PBXGroup;
			children = (
				D74157D223F8928A00F0BE20 /* ButterheadLettuce.swift */,
			);
			path = Crops;
			sourceTree = "<group>";
		};
		D74157DF23F89E1500F0BE20 /* ProjectXTests */ = {
			isa = PBXGroup;
			children = (
				D74157E023F89E1500F0BE20 /* ProjectXTests.swift */,
				D74157E223F89E1500F0BE20 /* Info.plist */,
			);
			path = ProjectXTests;
			sourceTree = "<group>";
		};
/* End PBXGroup section */

/* Begin PBXNativeTarget section */
		93CE48CE23F8735500C3E1F2 /* ProjectX */ = {
			isa = PBXNativeTarget;
			buildConfigurationList = 93CE48E323F8735600C3E1F2 /* Build configuration list for PBXNativeTarget "ProjectX" */;
			buildPhases = (
				93CE48CB23F8735500C3E1F2 /* Sources */,
				93CE48CC23F8735500C3E1F2 /* Frameworks */,
				93CE48CD23F8735500C3E1F2 /* Resources */,
			);
			buildRules = (
			);
			dependencies = (
			);
			name = ProjectX;
			productName = ProjectX;
			productReference = 93CE48CF23F8735500C3E1F2 /* ProjectX.app */;
			productType = "com.apple.product-type.application";
		};
		D74157DD23F89E1500F0BE20 /* ProjectXTests */ = {
			isa = PBXNativeTarget;
			buildConfigurationList = D74157E523F89E1500F0BE20 /* Build configuration list for PBXNativeTarget "ProjectXTests" */;
			buildPhases = (
				D74157DA23F89E1500F0BE20 /* Sources */,
				D74157DB23F89E1500F0BE20 /* Frameworks */,
				D74157DC23F89E1500F0BE20 /* Resources */,
			);
			buildRules = (
			);
			dependencies = (
				D74157E423F89E1500F0BE20 /* PBXTargetDependency */,
			);
			name = ProjectXTests;
			productName = ProjectXTests;
			productReference = D74157DE23F89E1500F0BE20 /* ProjectXTests.xctest */;
			productType = "com.apple.product-type.bundle.unit-test";
		};
/* End PBXNativeTarget section */

/* Begin PBXProject section */
		93CE48C723F8735500C3E1F2 /* Project object */ = {
			isa = PBXProject;
			attributes = {
				LastSwiftUpdateCheck = 1130;
				LastUpgradeCheck = 1130;
				ORGANIZATIONNAME = "Darin Doria";
				TargetAttributes = {
					93CE48CE23F8735500C3E1F2 = {
						CreatedOnToolsVersion = 11.3.1;
					};
					D74157DD23F89E1500F0BE20 = {
						CreatedOnToolsVersion = 11.3.1;
						TestTargetID = 93CE48CE23F8735500C3E1F2;
					};
				};
			};
			buildConfigurationList = 93CE48CA23F8735500C3E1F2 /* Build configuration list for PBXProject "ProjectX" */;
			compatibilityVersion = "Xcode 9.3";
			developmentRegion = en;
			hasScannedForEncodings = 0;
			knownRegions = (
				en,
				Base,
			);
			mainGroup = 93CE48C623F8735500C3E1F2;
			productRefGroup = 93CE48D023F8735500C3E1F2 /* Products */;
			projectDirPath = "";
			projectRoot = "";
			targets = (
				93CE48CE23F8735500C3E1F2 /* ProjectX */,
				D74157DD23F89E1500F0BE20 /* ProjectXTests */,
			);
		};
/* End PBXProject section */

/* Begin PBXResourcesBuildPhase section */
		93CE48CD23F8735500C3E1F2 /* Resources */ = {
			isa = PBXResourcesBuildPhase;
			buildActionMask = 2147483647;
			files = (
				93CE48DF23F8735600C3E1F2 /* LaunchScreen.storyboard in Resources */,
				93CE48DC23F8735600C3E1F2 /* Preview Assets.xcassets in Resources */,
				93CE48D923F8735600C3E1F2 /* Assets.xcassets in Resources */,
			);
			runOnlyForDeploymentPostprocessing = 0;
		};
		D74157DC23F89E1500F0BE20 /* Resources */ = {
			isa = PBXResourcesBuildPhase;
			buildActionMask = 2147483647;
			files = (
			);
			runOnlyForDeploymentPostprocessing = 0;
		};
/* End PBXResourcesBuildPhase section */

/* Begin PBXSourcesBuildPhase section */
		93CE48CB23F8735500C3E1F2 /* Sources */ = {
			isa = PBXSourcesBuildPhase;
			buildActionMask = 2147483647;
			files = (
				D74157D323F8928A00F0BE20 /* ButterheadLettuce.swift in Sources */,
				D74157EF23F8A31C00F0BE20 /* FarmPicker.swift in Sources */,
				D74157D123F8926800F0BE20 /* Crop.swift in Sources */,
				93CE48D323F8735500C3E1F2 /* AppDelegate.swift in Sources */,
				D74157D923F8930300F0BE20 /* NFTSystem.swift in Sources */,
				D74157F223F8A5A800F0BE20 /* Kartky.swift in Sources */,
				D74157CF23F8924600F0BE20 /* TimeIntervalExtensions.swift in Sources */,
				D74157CD23F891F100F0BE20 /* Dimensions.swift in Sources */,
				93CE48D523F8735500C3E1F2 /* SceneDelegate.swift in Sources */,
				D74157D523F8929800F0BE20 /* Farm.swift in Sources */,
				93CE48D723F8735500C3E1F2 /* ContentView.swift in Sources */,
			);
			runOnlyForDeploymentPostprocessing = 0;
		};
		D74157DA23F89E1500F0BE20 /* Sources */ = {
			isa = PBXSourcesBuildPhase;
			buildActionMask = 2147483647;
			files = (
				D74157F323F8A5A800F0BE20 /* Kartky.swift in Sources */,
				D74157EA23F89E5200F0BE20 /* Dimensions.swift in Sources */,
				D74157ED23F89E5200F0BE20 /* Farm.swift in Sources */,
				D74157E823F89E5200F0BE20 /* ButterheadLettuce.swift in Sources */,
				D74157EB23F89E5200F0BE20 /* TimeIntervalExtensions.swift in Sources */,
				D74157E123F89E1500F0BE20 /* ProjectXTests.swift in Sources */,
				D74157E923F89E5200F0BE20 /* NFTSystem.swift in Sources */,
				D74157EC23F89E5200F0BE20 /* Crop.swift in Sources */,
				D74157F023F8A31C00F0BE20 /* FarmPicker.swift in Sources */,
			);
			runOnlyForDeploymentPostprocessing = 0;
		};
/* End PBXSourcesBuildPhase section */

/* Begin PBXTargetDependency section */
		D74157E423F89E1500F0BE20 /* PBXTargetDependency */ = {
			isa = PBXTargetDependency;
			target = 93CE48CE23F8735500C3E1F2 /* ProjectX */;
			targetProxy = D74157E323F89E1500F0BE20 /* PBXContainerItemProxy */;
		};
/* End PBXTargetDependency section */

/* Begin PBXVariantGroup section */
		93CE48DD23F8735600C3E1F2 /* LaunchScreen.storyboard */ = {
			isa = PBXVariantGroup;
			children = (
				93CE48DE23F8735600C3E1F2 /* Base */,
			);
			name = LaunchScreen.storyboard;
			sourceTree = "<group>";
		};
/* End PBXVariantGroup section */

/* Begin XCBuildConfiguration section */
		93CE48E123F8735600C3E1F2 /* Debug */ = {
			isa = XCBuildConfiguration;
			buildSettings = {
				ALWAYS_SEARCH_USER_PATHS = NO;
				CLANG_ANALYZER_NONNULL = YES;
				CLANG_ANALYZER_NUMBER_OBJECT_CONVERSION = YES_AGGRESSIVE;
				CLANG_CXX_LANGUAGE_STANDARD = "gnu++14";
				CLANG_CXX_LIBRARY = "libc++";
				CLANG_ENABLE_MODULES = YES;
				CLANG_ENABLE_OBJC_ARC = YES;
				CLANG_ENABLE_OBJC_WEAK = YES;
				CLANG_WARN_BLOCK_CAPTURE_AUTORELEASING = YES;
				CLANG_WARN_BOOL_CONVERSION = YES;
				CLANG_WARN_COMMA = YES;
				CLANG_WARN_CONSTANT_CONVERSION = YES;
				CLANG_WARN_DEPRECATED_OBJC_IMPLEMENTATIONS = YES;
				CLANG_WARN_DIRECT_OBJC_ISA_USAGE = YES_ERROR;
				CLANG_WARN_DOCUMENTATION_COMMENTS = YES;
				CLANG_WARN_EMPTY_BODY = YES;
				CLANG_WARN_ENUM_CONVERSION = YES;
				CLANG_WARN_INFINITE_RECURSION = YES;
				CLANG_WARN_INT_CONVERSION = YES;
				CLANG_WARN_NON_LITERAL_NULL_CONVERSION = YES;
				CLANG_WARN_OBJC_IMPLICIT_RETAIN_SELF = YES;
				CLANG_WARN_OBJC_LITERAL_CONVERSION = YES;
				CLANG_WARN_OBJC_ROOT_CLASS = YES_ERROR;
				CLANG_WARN_RANGE_LOOP_ANALYSIS = YES;
				CLANG_WARN_STRICT_PROTOTYPES = YES;
				CLANG_WARN_SUSPICIOUS_MOVE = YES;
				CLANG_WARN_UNGUARDED_AVAILABILITY = YES_AGGRESSIVE;
				CLANG_WARN_UNREACHABLE_CODE = YES;
				CLANG_WARN__DUPLICATE_METHOD_MATCH = YES;
				COPY_PHASE_STRIP = NO;
				DEBUG_INFORMATION_FORMAT = dwarf;
				ENABLE_STRICT_OBJC_MSGSEND = YES;
				ENABLE_TESTABILITY = YES;
				GCC_C_LANGUAGE_STANDARD = gnu11;
				GCC_DYNAMIC_NO_PIC = NO;
				GCC_NO_COMMON_BLOCKS = YES;
				GCC_OPTIMIZATION_LEVEL = 0;
				GCC_PREPROCESSOR_DEFINITIONS = (
					"DEBUG=1",
					"$(inherited)",
				);
				GCC_WARN_64_TO_32_BIT_CONVERSION = YES;
				GCC_WARN_ABOUT_RETURN_TYPE = YES_ERROR;
				GCC_WARN_UNDECLARED_SELECTOR = YES;
				GCC_WARN_UNINITIALIZED_AUTOS = YES_AGGRESSIVE;
				GCC_WARN_UNUSED_FUNCTION = YES;
				GCC_WARN_UNUSED_VARIABLE = YES;
				IPHONEOS_DEPLOYMENT_TARGET = 13.2;
				MTL_ENABLE_DEBUG_INFO = INCLUDE_SOURCE;
				MTL_FAST_MATH = YES;
				ONLY_ACTIVE_ARCH = YES;
				SDKROOT = iphoneos;
				SWIFT_ACTIVE_COMPILATION_CONDITIONS = DEBUG;
				SWIFT_OPTIMIZATION_LEVEL = "-Onone";
			};
			name = Debug;
		};
		93CE48E223F8735600C3E1F2 /* Release */ = {
			isa = XCBuildConfiguration;
			buildSettings = {
				ALWAYS_SEARCH_USER_PATHS = NO;
				CLANG_ANALYZER_NONNULL = YES;
				CLANG_ANALYZER_NUMBER_OBJECT_CONVERSION = YES_AGGRESSIVE;
				CLANG_CXX_LANGUAGE_STANDARD = "gnu++14";
				CLANG_CXX_LIBRARY = "libc++";
				CLANG_ENABLE_MODULES = YES;
				CLANG_ENABLE_OBJC_ARC = YES;
				CLANG_ENABLE_OBJC_WEAK = YES;
				CLANG_WARN_BLOCK_CAPTURE_AUTORELEASING = YES;
				CLANG_WARN_BOOL_CONVERSION = YES;
				CLANG_WARN_COMMA = YES;
				CLANG_WARN_CONSTANT_CONVERSION = YES;
				CLANG_WARN_DEPRECATED_OBJC_IMPLEMENTATIONS = YES;
				CLANG_WARN_DIRECT_OBJC_ISA_USAGE = YES_ERROR;
				CLANG_WARN_DOCUMENTATION_COMMENTS = YES;
				CLANG_WARN_EMPTY_BODY = YES;
				CLANG_WARN_ENUM_CONVERSION = YES;
				CLANG_WARN_INFINITE_RECURSION = YES;
				CLANG_WARN_INT_CONVERSION = YES;
				CLANG_WARN_NON_LITERAL_NULL_CONVERSION = YES;
				CLANG_WARN_OBJC_IMPLICIT_RETAIN_SELF = YES;
				CLANG_WARN_OBJC_LITERAL_CONVERSION = YES;
				CLANG_WARN_OBJC_ROOT_CLASS = YES_ERROR;
				CLANG_WARN_RANGE_LOOP_ANALYSIS = YES;
				CLANG_WARN_STRICT_PROTOTYPES = YES;
				CLANG_WARN_SUSPICIOUS_MOVE = YES;
				CLANG_WARN_UNGUARDED_AVAILABILITY = YES_AGGRESSIVE;
				CLANG_WARN_UNREACHABLE_CODE = YES;
				CLANG_WARN__DUPLICATE_METHOD_MATCH = YES;
				COPY_PHASE_STRIP = NO;
				DEBUG_INFORMATION_FORMAT = "dwarf-with-dsym";
				ENABLE_NS_ASSERTIONS = NO;
				ENABLE_STRICT_OBJC_MSGSEND = YES;
				GCC_C_LANGUAGE_STANDARD = gnu11;
				GCC_NO_COMMON_BLOCKS = YES;
				GCC_WARN_64_TO_32_BIT_CONVERSION = YES;
				GCC_WARN_ABOUT_RETURN_TYPE = YES_ERROR;
				GCC_WARN_UNDECLARED_SELECTOR = YES;
				GCC_WARN_UNINITIALIZED_AUTOS = YES_AGGRESSIVE;
				GCC_WARN_UNUSED_FUNCTION = YES;
				GCC_WARN_UNUSED_VARIABLE = YES;
				IPHONEOS_DEPLOYMENT_TARGET = 13.2;
				MTL_ENABLE_DEBUG_INFO = NO;
				MTL_FAST_MATH = YES;
				SDKROOT = iphoneos;
				SWIFT_COMPILATION_MODE = wholemodule;
				SWIFT_OPTIMIZATION_LEVEL = "-O";
				VALIDATE_PRODUCT = YES;
			};
			name = Release;
		};
		93CE48E423F8735600C3E1F2 /* Debug */ = {
			isa = XCBuildConfiguration;
			buildSettings = {
				ASSETCATALOG_COMPILER_APPICON_NAME = AppIcon;
				CODE_SIGN_STYLE = Automatic;
				DEVELOPMENT_ASSET_PATHS = "\"ProjectX/Preview Content\"";
				DEVELOPMENT_TEAM = E666Y9RBZF;
				ENABLE_PREVIEWS = YES;
				INFOPLIST_FILE = ProjectX/Info.plist;
				LD_RUNPATH_SEARCH_PATHS = (
					"$(inherited)",
					"@executable_path/Frameworks",
				);
				PRODUCT_BUNDLE_IDENTIFIER = com.doria.ProjectX;
				PRODUCT_NAME = "$(TARGET_NAME)";
				SWIFT_VERSION = 5.0;
				TARGETED_DEVICE_FAMILY = "1,2";
			};
			name = Debug;
		};
		93CE48E523F8735600C3E1F2 /* Release */ = {
			isa = XCBuildConfiguration;
			buildSettings = {
				ASSETCATALOG_COMPILER_APPICON_NAME = AppIcon;
				CODE_SIGN_STYLE = Automatic;
				DEVELOPMENT_ASSET_PATHS = "\"ProjectX/Preview Content\"";
				DEVELOPMENT_TEAM = E666Y9RBZF;
				ENABLE_PREVIEWS = YES;
				INFOPLIST_FILE = ProjectX/Info.plist;
				LD_RUNPATH_SEARCH_PATHS = (
					"$(inherited)",
					"@executable_path/Frameworks",
				);
				PRODUCT_BUNDLE_IDENTIFIER = com.doria.ProjectX;
				PRODUCT_NAME = "$(TARGET_NAME)";
				SWIFT_VERSION = 5.0;
				TARGETED_DEVICE_FAMILY = "1,2";
			};
			name = Release;
		};
		D74157E623F89E1500F0BE20 /* Debug */ = {
			isa = XCBuildConfiguration;
			buildSettings = {
				BUNDLE_LOADER = "$(TEST_HOST)";
				CODE_SIGN_STYLE = Automatic;
				INFOPLIST_FILE = ProjectXTests/Info.plist;
				LD_RUNPATH_SEARCH_PATHS = (
					"$(inherited)",
					"@executable_path/Frameworks",
					"@loader_path/Frameworks",
				);
				PRODUCT_BUNDLE_IDENTIFIER = com.doria.ProjectXTests;
				PRODUCT_NAME = "$(TARGET_NAME)";
				SWIFT_VERSION = 5.0;
				TARGETED_DEVICE_FAMILY = "1,2";
				TEST_HOST = "$(BUILT_PRODUCTS_DIR)/ProjectX.app/ProjectX";
			};
			name = Debug;
		};
		D74157E723F89E1500F0BE20 /* Release */ = {
			isa = XCBuildConfiguration;
			buildSettings = {
				BUNDLE_LOADER = "$(TEST_HOST)";
				CODE_SIGN_STYLE = Automatic;
				INFOPLIST_FILE = ProjectXTests/Info.plist;
				LD_RUNPATH_SEARCH_PATHS = (
					"$(inherited)",
					"@executable_path/Frameworks",
					"@loader_path/Frameworks",
				);
				PRODUCT_BUNDLE_IDENTIFIER = com.doria.ProjectXTests;
				PRODUCT_NAME = "$(TARGET_NAME)";
				SWIFT_VERSION = 5.0;
				TARGETED_DEVICE_FAMILY = "1,2";
				TEST_HOST = "$(BUILT_PRODUCTS_DIR)/ProjectX.app/ProjectX";
			};
			name = Release;
		};
/* End XCBuildConfiguration section */

/* Begin XCConfigurationList section */
		93CE48CA23F8735500C3E1F2 /* Build configuration list for PBXProject "ProjectX" */ = {
			isa = XCConfigurationList;
			buildConfigurations = (
				93CE48E123F8735600C3E1F2 /* Debug */,
				93CE48E223F8735600C3E1F2 /* Release */,
			);
			defaultConfigurationIsVisible = 0;
			defaultConfigurationName = Release;
		};
		93CE48E323F8735600C3E1F2 /* Build configuration list for PBXNativeTarget "ProjectX" */ = {
			isa = XCConfigurationList;
			buildConfigurations = (
				93CE48E423F8735600C3E1F2 /* Debug */,
				93CE48E523F8735600C3E1F2 /* Release */,
			);
			defaultConfigurationIsVisible = 0;
			defaultConfigurationName = Release;
		};
		D74157E523F89E1500F0BE20 /* Build configuration list for PBXNativeTarget "ProjectXTests" */ = {
			isa = XCConfigurationList;
			buildConfigurations = (
				D74157E623F89E1500F0BE20 /* Debug */,
				D74157E723F89E1500F0BE20 /* Release */,
			);
			defaultConfigurationIsVisible = 0;
			defaultConfigurationName = Release;
		};
/* End XCConfigurationList section */
	};
	rootObject = 93CE48C723F8735500C3E1F2 /* Project object */;
}
